
Microsoft Visual Studio Solution File, Format Version 12.00
Project("{FAE04EC0-301F-11D3-BF4B-00C04F79EFBC}") = "DecoratorDisaster", "DecoratorDisaster\DecoratorDisaster.csproj", "{C2EA864A-0846-4EC2-98BF-7C513AE19671}"
EndProject
Global
	GlobalSection(SolutionConfigurationPlatforms) = preSolution
		Debug|Any CPU = Debug|Any CPU
		Release|Any CPU = Release|Any CPU
	EndGlobalSection
	GlobalSection(ProjectConfigurationPlatforms) = postSolution
		{C2EA864A-0846-4EC2-98BF-7C513AE19671}.Debug|Any CPU.ActiveCfg = Debug|Any CPU
		{C2EA864A-0846-4EC2-98BF-7C513AE19671}.Debug|Any CPU.Build.0 = Debug|Any CPU
		{C2EA864A-0846-4EC2-98BF-7C513AE19671}.Release|Any CPU.ActiveCfg = Release|Any CPU
		{C2EA864A-0846-4EC2-98BF-7C513AE19671}.Release|Any CPU.Build.0 = Release|Any CPU
	EndGlobalSection
EndGlobal
